PODS:
  - RxCocoa (6.5.0):
    - RxRelay (= 6.5.0)
    - RxSwift (= 6.5.0)
  - RxRelay (6.5.0):
    - RxSwift (= 6.5.0)
  - RxSwift (6.5.0)
  - Swinject (2.8.1)

DEPENDENCIES:
  - RxCocoa
  - RxSwift
  - Swinject

SPEC REPOS:
  trunk:
    - RxCocoa
    - RxRelay
    - RxSwift
    - Swinject

SPEC CHECKSUMS:
  RxCocoa: 94f817b71c07517321eb4f9ad299112ca8af743b
  RxRelay: 1de1523e604c72b6c68feadedd1af3b1b4d0ecbd
  RxSwift: 5710a9e6b17f3c3d6e40d6e559b9fa1e813b2ef8
  Swinject: 97112918bd7e0785dc2df7036213f3c8cbba6586

PODFILE CHECKSUM: 33a4052335c5bf78fb198047d4a66579c79cfa4b

COCOAPODS: 1.11.3
