// !$*UTF8*$!
{
	archiveVersion = 1;
	classes = {
	};
	objectVersion = 55;
	objects = {

/* Begin PBXBuildFile section */
		3A1716B1281B6C180053DA89 /* RestaurantListNavigation.swift in Sources */ = {isa = PBXBuildFile; fileRef = 3A1716B0281B6C180053DA89 /* RestaurantListNavigation.swift */; };
		3A1716BC281BC1CA0053DA89 /* DI.swift in Sources */ = {isa = PBXBuildFile; fileRef = 3A1716BB281BC1CA0053DA89 /* DI.swift */; };
		3A1716C1281BC9520053DA89 /* Navigation.swift in Sources */ = {isa = PBXBuildFile; fileRef = 3A1716C0281BC9520053DA89 /* Navigation.swift */; };
		3A6012B0281A0FD400F5101A /* AppDelegate.swift in Sources */ = {isa = PBXBuildFile; fileRef = 3A6012AF281A0FD400F5101A /* AppDelegate.swift */; };
		3A6012B2281A0FD400F5101A /* SceneDelegate.swift in Sources */ = {isa = PBXBuildFile; fileRef = 3A6012B1281A0FD400F5101A /* SceneDelegate.swift */; };
		3A6012B7281A0FD400F5101A /* RestaurantList.storyboard in Resources */ = {isa = PBXBuildFile; fileRef = 3A6012B5281A0FD400F5101A /* RestaurantList.storyboard */; };
		3A6012BA281A0FD400F5101A /* RxSwiftTestOne.xcdatamodeld in Sources */ = {isa = PBXBuildFile; fileRef = 3A6012B8281A0FD400F5101A /* RxSwiftTestOne.xcdatamodeld */; };
		3A6012BC281A0FD400F5101A /* Assets.xcassets in Resources */ = {isa = PBXBuildFile; fileRef = 3A6012BB281A0FD400F5101A /* Assets.xcassets */; };
		3A6012BF281A0FD400F5101A /* LaunchScreen.storyboard in Resources */ = {isa = PBXBuildFile; fileRef = 3A6012BD281A0FD400F5101A /* LaunchScreen.storyboard */; };
		3A6012C7281A132300F5101A /* AppNavigator.swift in Sources */ = {isa = PBXBuildFile; fileRef = 3A6012C6281A132300F5101A /* AppNavigator.swift */; };
		3A6012CA281A265B00F5101A /* AppRoutes.swift in Sources */ = {isa = PBXBuildFile; fileRef = 3A6012C9281A265B00F5101A /* AppRoutes.swift */; };
		3A6012CC281A291F00F5101A /* AppBindings.swift in Sources */ = {isa = PBXBuildFile; fileRef = 3A6012CB281A291F00F5101A /* AppBindings.swift */; };
		3A6012D2281A71FD00F5101A /* RestaurantListViewController.swift in Sources */ = {isa = PBXBuildFile; fileRef = 3A6012D1281A71FD00F5101A /* RestaurantListViewController.swift */; };
		3A927C1F281F75EB001A7B35 /* Restaurant.swift in Sources */ = {isa = PBXBuildFile; fileRef = 3A927C1E281F75EB001A7B35 /* Restaurant.swift */; };
		3A927C21281F7633001A7B35 /* Cuisine.swift in Sources */ = {isa = PBXBuildFile; fileRef = 3A927C20281F7633001A7B35 /* Cuisine.swift */; };
		3A927C25281F768A001A7B35 /* RestaurantRepository.swift in Sources */ = {isa = PBXBuildFile; fileRef = 3A927C24281F768A001A7B35 /* RestaurantRepository.swift */; };
		3A927C27281F9346001A7B35 /* RestaurantListViewModels.swift in Sources */ = {isa = PBXBuildFile; fileRef = 3A927C26281F9346001A7B35 /* RestaurantListViewModels.swift */; };
		3A927C29281F935A001A7B35 /* ViewController.swift in Sources */ = {isa = PBXBuildFile; fileRef = 3A927C28281F935A001A7B35 /* ViewController.swift */; };
		3A927C2F281FB197001A7B35 /* HttpService.swift in Sources */ = {isa = PBXBuildFile; fileRef = 3A927C2E281FB197001A7B35 /* HttpService.swift */; };
		9DB6AAFC9A103EF37EA332B2 /* Pods_RxSwiftTestOne.framework in Frameworks */ = {isa = PBXBuildFile; fileRef = DD8181BCC34EC10DD089CA56 /* Pods_RxSwiftTestOne.framework */; };
/* End PBXBuildFile section */

/* Begin PBXFileReference section */
		3A1716B0281B6C180053DA89 /* RestaurantListNavigation.swift */ = {isa = PBXFileReference; lastKnownFileType = sourcecode.swift; path = RestaurantListNavigation.swift; sourceTree = "<group>"; };
		3A1716BB281BC1CA0053DA89 /* DI.swift */ = {isa = PBXFileReference; lastKnownFileType = sourcecode.swift; path = DI.swift; sourceTree = "<group>"; };
		3A1716C0281BC9520053DA89 /* Navigation.swift */ = {isa = PBXFileReference; lastKnownFileType = sourcecode.swift; path = Navigation.swift; sourceTree = "<group>"; };
		3A6012AC281A0FD400F5101A /* RxSwiftTestOne.app */ = {isa = PBXFileReference; explicitFileType = wrapper.application; includeInIndex = 0; path = RxSwiftTestOne.app; sourceTree = BUILT_PRODUCTS_DIR; };
		3A6012AF281A0FD400F5101A /* AppDelegate.swift */ = {isa = PBXFileReference; lastKnownFileType = sourcecode.swift; path = AppDelegate.swift; sourceTree = "<group>"; };
		3A6012B1281A0FD400F5101A /* SceneDelegate.swift */ = {isa = PBXFileReference; lastKnownFileType = sourcecode.swift; path = SceneDelegate.swift; sourceTree = "<group>"; };
		3A6012B6281A0FD400F5101A /* Base */ = {isa = PBXFileReference; lastKnownFileType = file.storyboard; name = Base; path = Base.lproj/RestaurantList.storyboard; sourceTree = "<group>"; };
		3A6012B9281A0FD400F5101A /* RxSwiftTestOne.xcdatamodel */ = {isa = PBXFileReference; lastKnownFileType = wrapper.xcdatamodel; path = RxSwiftTestOne.xcdatamodel; sourceTree = "<group>"; };
		3A6012BB281A0FD400F5101A /* Assets.xcassets */ = {isa = PBXFileReference; lastKnownFileType = folder.assetcatalog; path = Assets.xcassets; sourceTree = "<group>"; };
		3A6012BE281A0FD400F5101A /* Base */ = {isa = PBXFileReference; lastKnownFileType = file.storyboard; name = Base; path = Base.lproj/LaunchScreen.storyboard; sourceTree = "<group>"; };
		3A6012C0281A0FD500F5101A /* Info.plist */ = {isa = PBXFileReference; lastKnownFileType = text.plist.xml; path = Info.plist; sourceTree = "<group>"; };
		3A6012C6281A132300F5101A /* AppNavigator.swift */ = {isa = PBXFileReference; lastKnownFileType = sourcecode.swift; path = AppNavigator.swift; sourceTree = "<group>"; };
		3A6012C9281A265B00F5101A /* AppRoutes.swift */ = {isa = PBXFileReference; lastKnownFileType = sourcecode.swift; path = AppRoutes.swift; sourceTree = "<group>"; };
		3A6012CB281A291F00F5101A /* AppBindings.swift */ = {isa = PBXFileReference; lastKnownFileType = sourcecode.swift; path = AppBindings.swift; sourceTree = "<group>"; };
		3A6012D1281A71FD00F5101A /* RestaurantListViewController.swift */ = {isa = PBXFileReference; lastKnownFileType = sourcecode.swift; path = RestaurantListViewController.swift; sourceTree = "<group>"; };
		3A927C1E281F75EB001A7B35 /* Restaurant.swift */ = {isa = PBXFileReference; lastKnownFileType = sourcecode.swift; path = Restaurant.swift; sourceTree = "<group>"; };
		3A927C20281F7633001A7B35 /* Cuisine.swift */ = {isa = PBXFileReference; lastKnownFileType = sourcecode.swift; path = Cuisine.swift; sourceTree = "<group>"; };
		3A927C24281F768A001A7B35 /* RestaurantRepository.swift */ = {isa = PBXFileReference; lastKnownFileType = sourcecode.swift; path = RestaurantRepository.swift; sourceTree = "<group>"; };
		3A927C26281F9346001A7B35 /* RestaurantListViewModels.swift */ = {isa = PBXFileReference; lastKnownFileType = sourcecode.swift; path = RestaurantListViewModels.swift; sourceTree = "<group>"; };
		3A927C28281F935A001A7B35 /* ViewController.swift */ = {isa = PBXFileReference; lastKnownFileType = sourcecode.swift; path = ViewController.swift; sourceTree = "<group>"; };
		3A927C2E281FB197001A7B35 /* HttpService.swift */ = {isa = PBXFileReference; lastKnownFileType = sourcecode.swift; path = HttpService.swift; sourceTree = "<group>"; };
		6BAAE21D04D6B4559E7E72DA /* Pods-RxSwiftTestOne.debug.xcconfig */ = {isa = PBXFileReference; includeInIndex = 1; lastKnownFileType = text.xcconfig; name = "Pods-RxSwiftTestOne.debug.xcconfig"; path = "Target Support Files/Pods-RxSwiftTestOne/Pods-RxSwiftTestOne.debug.xcconfig"; sourceTree = "<group>"; };
		ACE82F3960B3BB04A5426CB1 /* Pods-RxSwiftTestOne.release.xcconfig */ = {isa = PBXFileReference; includeInIndex = 1; lastKnownFileType = text.xcconfig; name = "Pods-RxSwiftTestOne.release.xcconfig"; path = "Target Support Files/Pods-RxSwiftTestOne/Pods-RxSwiftTestOne.release.xcconfig"; sourceTree = "<group>"; };
		DD8181BCC34EC10DD089CA56 /* Pods_RxSwiftTestOne.framework */ = {isa = PBXFileReference; explicitFileType = wrapper.framework; includeInIndex = 0; path = Pods_RxSwiftTestOne.framework; sourceTree = BUILT_PRODUCTS_DIR; };
/* End PBXFileReference section */

/* Begin PBXFrameworksBuildPhase section */
		3A6012A9281A0FD400F5101A /* Frameworks */ = {
			isa = PBXFrameworksBuildPhase;
			buildActionMask = 2147483647;
			files = (
				9DB6AAFC9A103EF37EA332B2 /* Pods_RxSwiftTestOne.framework in Frameworks */,
			);
			runOnlyForDeploymentPostprocessing = 0;
		};
/* End PBXFrameworksBuildPhase section */

/* Begin PBXGroup section */
		3A1716BA281BC1C10053DA89 /* DI */ = {
			isa = PBXGroup;
			children = (
				3A1716BB281BC1CA0053DA89 /* DI.swift */,
			);
			path = DI;
			sourceTree = "<group>";
		};
		3A1716BD281BC9330053DA89 /* Protocols */ = {
			isa = PBXGroup;
			children = (
				3A1716C0281BC9520053DA89 /* Navigation.swift */,
				3A927C28281F935A001A7B35 /* ViewController.swift */,
			);
			path = Protocols;
			sourceTree = "<group>";
		};
		3A6012A3281A0FD400F5101A = {
			isa = PBXGroup;
			children = (
				3A6012AE281A0FD400F5101A /* RxSwiftTestOne */,
				3A6012AD281A0FD400F5101A /* Products */,
				6941700DB4C12D409E5D7578 /* Pods */,
				7013078507FE2465C20A4E65 /* Frameworks */,
			);
			sourceTree = "<group>";
		};
		3A6012AD281A0FD400F5101A /* Products */ = {
			isa = PBXGroup;
			children = (
				3A6012AC281A0FD400F5101A /* RxSwiftTestOne.app */,
			);
			name = Products;
			sourceTree = "<group>";
		};
		3A6012AE281A0FD400F5101A /* RxSwiftTestOne */ = {
			isa = PBXGroup;
			children = (
				3A927C2D281FB17E001A7B35 /* HttpService */,
				3A927C2C281FB16F001A7B35 /* Application */,
				3A927C22281F7673001A7B35 /* Data */,
				3A1716BD281BC9330053DA89 /* Protocols */,
				3A1716BA281BC1C10053DA89 /* DI */,
				3A6012CF281A6EAA00F5101A /* Scenes */,
				3A6012C8281A264600F5101A /* Navigation */,
				3A6012BB281A0FD400F5101A /* Assets.xcassets */,
				3A6012C0281A0FD500F5101A /* Info.plist */,
				3A6012B8281A0FD400F5101A /* RxSwiftTestOne.xcdatamodeld */,
			);
			path = RxSwiftTestOne;
			sourceTree = "<group>";
		};
		3A6012C8281A264600F5101A /* Navigation */ = {
			isa = PBXGroup;
			children = (
				3A6012C6281A132300F5101A /* AppNavigator.swift */,
				3A6012C9281A265B00F5101A /* AppRoutes.swift */,
				3A6012CB281A291F00F5101A /* AppBindings.swift */,
			);
			path = Navigation;
			sourceTree = "<group>";
		};
		3A6012CF281A6EAA00F5101A /* Scenes */ = {
			isa = PBXGroup;
			children = (
				3A6012D0281A6EB900F5101A /* RestaurantList */,
			);
			path = Scenes;
			sourceTree = "<group>";
		};
		3A6012D0281A6EB900F5101A /* RestaurantList */ = {
			isa = PBXGroup;
			children = (
				3A6012B5281A0FD400F5101A /* RestaurantList.storyboard */,
				3A6012D1281A71FD00F5101A /* RestaurantListViewController.swift */,
				3A1716B0281B6C180053DA89 /* RestaurantListNavigation.swift */,
				3A927C26281F9346001A7B35 /* RestaurantListViewModels.swift */,
			);
			path = RestaurantList;
			sourceTree = "<group>";
		};
		3A927C1D281F75D2001A7B35 /* Models */ = {
			isa = PBXGroup;
			children = (
				3A927C1E281F75EB001A7B35 /* Restaurant.swift */,
				3A927C20281F7633001A7B35 /* Cuisine.swift */,
			);
			path = Models;
			sourceTree = "<group>";
		};
		3A927C22281F7673001A7B35 /* Data */ = {
			isa = PBXGroup;
			children = (
				3A927C1D281F75D2001A7B35 /* Models */,
				3A927C23281F767B001A7B35 /* Repositories */,
			);
			path = Data;
			sourceTree = "<group>";
		};
		3A927C23281F767B001A7B35 /* Repositories */ = {
			isa = PBXGroup;
			children = (
				3A927C24281F768A001A7B35 /* RestaurantRepository.swift */,
			);
			path = Repositories;
			sourceTree = "<group>";
		};
		3A927C2C281FB16F001A7B35 /* Application */ = {
			isa = PBXGroup;
			children = (
				3A6012BD281A0FD400F5101A /* LaunchScreen.storyboard */,
				3A6012AF281A0FD400F5101A /* AppDelegate.swift */,
				3A6012B1281A0FD400F5101A /* SceneDelegate.swift */,
			);
			path = Application;
			sourceTree = "<group>";
		};
		3A927C2D281FB17E001A7B35 /* HttpService */ = {
			isa = PBXGroup;
			children = (
				3A927C2E281FB197001A7B35 /* HttpService.swift */,
			);
			path = HttpService;
			sourceTree = "<group>";
		};
		6941700DB4C12D409E5D7578 /* Pods */ = {
			isa = PBXGroup;
			children = (
				6BAAE21D04D6B4559E7E72DA /* Pods-RxSwiftTestOne.debug.xcconfig */,
				ACE82F3960B3BB04A5426CB1 /* Pods-RxSwiftTestOne.release.xcconfig */,
			);
			path = Pods;
			sourceTree = "<group>";
		};
		7013078507FE2465C20A4E65 /* Frameworks */ = {
			isa = PBXGroup;
			children = (
				DD8181BCC34EC10DD089CA56 /* Pods_RxSwiftTestOne.framework */,
			);
			name = Frameworks;
			sourceTree = "<group>";
		};
/* End PBXGroup section */

/* Begin PBXNativeTarget section */
		3A6012AB281A0FD400F5101A /* RxSwiftTestOne */ = {
			isa = PBXNativeTarget;
			buildConfigurationList = 3A6012C3281A0FD500F5101A /* Build configuration list for PBXNativeTarget "RxSwiftTestOne" */;
			buildPhases = (
				1A31E3B65FD370D0644C5B5C /* [CP] Check Pods Manifest.lock */,
				3A6012A8281A0FD400F5101A /* Sources */,
				3A6012A9281A0FD400F5101A /* Frameworks */,
				3A6012AA281A0FD400F5101A /* Resources */,
				E35A4869DFA58945C5E4C5E5 /* [CP] Embed Pods Frameworks */,
			);
			buildRules = (
			);
			dependencies = (
			);
			name = RxSwiftTestOne;
			productName = RxSwiftTestOne;
			productReference = 3A6012AC281A0FD400F5101A /* RxSwiftTestOne.app */;
			productType = "com.apple.product-type.application";
		};
/* End PBXNativeTarget section */

/* Begin PBXProject section */
		3A6012A4281A0FD400F5101A /* Project object */ = {
			isa = PBXProject;
			attributes = {
				BuildIndependentTargetsInParallel = 1;
				KnownAssetTags = (
					Main,
				);
				LastSwiftUpdateCheck = 1320;
				LastUpgradeCheck = 1320;
				TargetAttributes = {
					3A6012AB281A0FD400F5101A = {
						CreatedOnToolsVersion = 13.2.1;
					};
				};
			};
			buildConfigurationList = 3A6012A7281A0FD400F5101A /* Build configuration list for PBXProject "RxSwiftTestOne" */;
			compatibilityVersion = "Xcode 13.0";
			developmentRegion = en;
			hasScannedForEncodings = 0;
			knownRegions = (
				en,
				Base,
			);
			mainGroup = 3A6012A3281A0FD400F5101A;
			productRefGroup = 3A6012AD281A0FD400F5101A /* Products */;
			projectDirPath = "";
			projectRoot = "";
			targets = (
				3A6012AB281A0FD400F5101A /* RxSwiftTestOne */,
			);
		};
/* End PBXProject section */

/* Begin PBXResourcesBuildPhase section */
		3A6012AA281A0FD400F5101A /* Resources */ = {
			isa = PBXResourcesBuildPhase;
			buildActionMask = 2147483647;
			files = (
				3A6012BF281A0FD400F5101A /* LaunchScreen.storyboard in Resources */,
				3A6012BC281A0FD400F5101A /* Assets.xcassets in Resources */,
				3A6012B7281A0FD400F5101A /* RestaurantList.storyboard in Resources */,
			);
			runOnlyForDeploymentPostprocessing = 0;
		};
/* End PBXResourcesBuildPhase section */

/* Begin PBXShellScriptBuildPhase section */
		1A31E3B65FD370D0644C5B5C /* [CP] Check Pods Manifest.lock */ = {
			isa = PBXShellScriptBuildPhase;
			buildActionMask = 2147483647;
			files = (
			);
			inputFileListPaths = (
			);
			inputPaths = (
				"${PODS_PODFILE_DIR_PATH}/Podfile.lock",
				"${PODS_ROOT}/Manifest.lock",
			);
			name = "[CP] Check Pods Manifest.lock";
			outputFileListPaths = (
			);
			outputPaths = (
				"$(DERIVED_FILE_DIR)/Pods-RxSwiftTestOne-checkManifestLockResult.txt",
			);
			runOnlyForDeploymentPostprocessing = 0;
			shellPath = /bin/sh;
			shellScript = "diff \"${PODS_PODFILE_DIR_PATH}/Podfile.lock\" \"${PODS_ROOT}/Manifest.lock\" > /dev/null\nif [ $? != 0 ] ; then\n    # print error to STDERR\n    echo \"error: The sandbox is not in sync with the Podfile.lock. Run 'pod install' or update your CocoaPods installation.\" >&2\n    exit 1\nfi\n# This output is used by Xcode 'outputs' to avoid re-running this script phase.\necho \"SUCCESS\" > \"${SCRIPT_OUTPUT_FILE_0}\"\n";
			showEnvVarsInLog = 0;
		};
		E35A4869DFA58945C5E4C5E5 /* [CP] Embed Pods Frameworks */ = {
			isa = PBXShellScriptBuildPhase;
			buildActionMask = 2147483647;
			files = (
			);
			inputFileListPaths = (
				"${PODS_ROOT}/Target Support Files/Pods-RxSwiftTestOne/Pods-RxSwiftTestOne-frameworks-${CONFIGURATION}-input-files.xcfilelist",
			);
			name = "[CP] Embed Pods Frameworks";
			outputFileListPaths = (
				"${PODS_ROOT}/Target Support Files/Pods-RxSwiftTestOne/Pods-RxSwiftTestOne-frameworks-${CONFIGURATION}-output-files.xcfilelist",
			);
			runOnlyForDeploymentPostprocessing = 0;
			shellPath = /bin/sh;
			shellScript = "\"${PODS_ROOT}/Target Support Files/Pods-RxSwiftTestOne/Pods-RxSwiftTestOne-frameworks.sh\"\n";
			showEnvVarsInLog = 0;
		};
/* End PBXShellScriptBuildPhase section */

/* Begin PBXSourcesBuildPhase section */
		3A6012A8281A0FD400F5101A /* Sources */ = {
			isa = PBXSourcesBuildPhase;
			buildActionMask = 2147483647;
			files = (
				3A6012CA281A265B00F5101A /* AppRoutes.swift in Sources */,
				3A6012D2281A71FD00F5101A /* RestaurantListViewController.swift in Sources */,
				3A1716C1281BC9520053DA89 /* Navigation.swift in Sources */,
				3A927C27281F9346001A7B35 /* RestaurantListViewModels.swift in Sources */,
				3A927C25281F768A001A7B35 /* RestaurantRepository.swift in Sources */,
				3A1716BC281BC1CA0053DA89 /* DI.swift in Sources */,
				3A6012BA281A0FD400F5101A /* RxSwiftTestOne.xcdatamodeld in Sources */,
				3A927C29281F935A001A7B35 /* ViewController.swift in Sources */,
				3A6012C7281A132300F5101A /* AppNavigator.swift in Sources */,
				3A6012B0281A0FD400F5101A /* AppDelegate.swift in Sources */,
				3A927C1F281F75EB001A7B35 /* Restaurant.swift in Sources */,
				3A927C21281F7633001A7B35 /* Cuisine.swift in Sources */,
				3A1716B1281B6C180053DA89 /* RestaurantListNavigation.swift in Sources */,
				3A927C2F281FB197001A7B35 /* HttpService.swift in Sources */,
				3A6012CC281A291F00F5101A /* AppBindings.swift in Sources */,
				3A6012B2281A0FD400F5101A /* SceneDelegate.swift in Sources */,
			);
			runOnlyForDeploymentPostprocessing = 0;
		};
/* End PBXSourcesBuildPhase section */

/* Begin PBXVariantGroup section */
		3A6012B5281A0FD400F5101A /* RestaurantList.storyboard */ = {
			isa = PBXVariantGroup;
			children = (
				3A6012B6281A0FD400F5101A /* Base */,
			);
			name = RestaurantList.storyboard;
			sourceTree = "<group>";
		};
		3A6012BD281A0FD400F5101A /* LaunchScreen.storyboard */ = {
			isa = PBXVariantGroup;
			children = (
				3A6012BE281A0FD400F5101A /* Base */,
			);
			name = LaunchScreen.storyboard;
			sourceTree = "<group>";
		};
/* End PBXVariantGroup section */

/* Begin XCBuildConfiguration section */
		3A6012C1281A0FD500F5101A /* Debug */ = {
			isa = XCBuildConfiguration;
			buildSettings = {
				ALWAYS_SEARCH_USER_PATHS = NO;
				CLANG_ANALYZER_NONNULL = YES;
				CLANG_ANALYZER_NUMBER_OBJECT_CONVERSION = YES_AGGRESSIVE;
				CLANG_CXX_LANGUAGE_STANDARD = "gnu++17";
				CLANG_CXX_LIBRARY = "libc++";
				CLANG_ENABLE_MODULES = YES;
				CLANG_ENABLE_OBJC_ARC = YES;
				CLANG_ENABLE_OBJC_WEAK = YES;
				CLANG_WARN_BLOCK_CAPTURE_AUTORELEASING = YES;
				CLANG_WARN_BOOL_CONVERSION = YES;
				CLANG_WARN_COMMA = YES;
				CLANG_WARN_CONSTANT_CONVERSION = YES;
				CLANG_WARN_DEPRECATED_OBJC_IMPLEMENTATIONS = YES;
				CLANG_WARN_DIRECT_OBJC_ISA_USAGE = YES_ERROR;
				CLANG_WARN_DOCUMENTATION_COMMENTS = YES;
				CLANG_WARN_EMPTY_BODY = YES;
				CLANG_WARN_ENUM_CONVERSION = YES;
				CLANG_WARN_INFINITE_RECURSION = YES;
				CLANG_WARN_INT_CONVERSION = YES;
				CLANG_WARN_NON_LITERAL_NULL_CONVERSION = YES;
				CLANG_WARN_OBJC_IMPLICIT_RETAIN_SELF = YES;
				CLANG_WARN_OBJC_LITERAL_CONVERSION = YES;
				CLANG_WARN_OBJC_ROOT_CLASS = YES_ERROR;
				CLANG_WARN_QUOTED_INCLUDE_IN_FRAMEWORK_HEADER = YES;
				CLANG_WARN_RANGE_LOOP_ANALYSIS = YES;
				CLANG_WARN_STRICT_PROTOTYPES = YES;
				CLANG_WARN_SUSPICIOUS_MOVE = YES;
				CLANG_WARN_UNGUARDED_AVAILABILITY = YES_AGGRESSIVE;
				CLANG_WARN_UNREACHABLE_CODE = YES;
				CLANG_WARN__DUPLICATE_METHOD_MATCH = YES;
				COPY_PHASE_STRIP = NO;
				DEBUG_INFORMATION_FORMAT = dwarf;
				ENABLE_STRICT_OBJC_MSGSEND = YES;
				ENABLE_TESTABILITY = YES;
				GCC_C_LANGUAGE_STANDARD = gnu11;
				GCC_DYNAMIC_NO_PIC = NO;
				GCC_NO_COMMON_BLOCKS = YES;
				GCC_OPTIMIZATION_LEVEL = 0;
				GCC_PREPROCESSOR_DEFINITIONS = (
					"DEBUG=1",
					"$(inherited)",
				);
				GCC_WARN_64_TO_32_BIT_CONVERSION = YES;
				GCC_WARN_ABOUT_RETURN_TYPE = YES_ERROR;
				GCC_WARN_UNDECLARED_SELECTOR = YES;
				GCC_WARN_UNINITIALIZED_AUTOS = YES_AGGRESSIVE;
				GCC_WARN_UNUSED_FUNCTION = YES;
				GCC_WARN_UNUSED_VARIABLE = YES;
				IPHONEOS_DEPLOYMENT_TARGET = 15.2;
				MTL_ENABLE_DEBUG_INFO = INCLUDE_SOURCE;
				MTL_FAST_MATH = YES;
				ONLY_ACTIVE_ARCH = YES;
				SDKROOT = iphoneos;
				SWIFT_ACTIVE_COMPILATION_CONDITIONS = DEBUG;
				SWIFT_OPTIMIZATION_LEVEL = "-Onone";
			};
			name = Debug;
		};
		3A6012C2281A0FD500F5101A /* Release */ = {
			isa = XCBuildConfiguration;
			buildSettings = {
				ALWAYS_SEARCH_USER_PATHS = NO;
				CLANG_ANALYZER_NONNULL = YES;
				CLANG_ANALYZER_NUMBER_OBJECT_CONVERSION = YES_AGGRESSIVE;
				CLANG_CXX_LANGUAGE_STANDARD = "gnu++17";
				CLANG_CXX_LIBRARY = "libc++";
				CLANG_ENABLE_MODULES = YES;
				CLANG_ENABLE_OBJC_ARC = YES;
				CLANG_ENABLE_OBJC_WEAK = YES;
				CLANG_WARN_BLOCK_CAPTURE_AUTORELEASING = YES;
				CLANG_WARN_BOOL_CONVERSION = YES;
				CLANG_WARN_COMMA = YES;
				CLANG_WARN_CONSTANT_CONVERSION = YES;
				CLANG_WARN_DEPRECATED_OBJC_IMPLEMENTATIONS = YES;
				CLANG_WARN_DIRECT_OBJC_ISA_USAGE = YES_ERROR;
				CLANG_WARN_DOCUMENTATION_COMMENTS = YES;
				CLANG_WARN_EMPTY_BODY = YES;
				CLANG_WARN_ENUM_CONVERSION = YES;
				CLANG_WARN_INFINITE_RECURSION = YES;
				CLANG_WARN_INT_CONVERSION = YES;
				CLANG_WARN_NON_LITERAL_NULL_CONVERSION = YES;
				CLANG_WARN_OBJC_IMPLICIT_RETAIN_SELF = YES;
				CLANG_WARN_OBJC_LITERAL_CONVERSION = YES;
				CLANG_WARN_OBJC_ROOT_CLASS = YES_ERROR;
				CLANG_WARN_QUOTED_INCLUDE_IN_FRAMEWORK_HEADER = YES;
				CLANG_WARN_RANGE_LOOP_ANALYSIS = YES;
				CLANG_WARN_STRICT_PROTOTYPES = YES;
				CLANG_WARN_SUSPICIOUS_MOVE = YES;
				CLANG_WARN_UNGUARDED_AVAILABILITY = YES_AGGRESSIVE;
				CLANG_WARN_UNREACHABLE_CODE = YES;
				CLANG_WARN__DUPLICATE_METHOD_MATCH = YES;
				COPY_PHASE_STRIP = NO;
				DEBUG_INFORMATION_FORMAT = "dwarf-with-dsym";
				ENABLE_NS_ASSERTIONS = NO;
				ENABLE_STRICT_OBJC_MSGSEND = YES;
				GCC_C_LANGUAGE_STANDARD = gnu11;
				GCC_NO_COMMON_BLOCKS = YES;
				GCC_WARN_64_TO_32_BIT_CONVERSION = YES;
				GCC_WARN_ABOUT_RETURN_TYPE = YES_ERROR;
				GCC_WARN_UNDECLARED_SELECTOR = YES;
				GCC_WARN_UNINITIALIZED_AUTOS = YES_AGGRESSIVE;
				GCC_WARN_UNUSED_FUNCTION = YES;
				GCC_WARN_UNUSED_VARIABLE = YES;
				IPHONEOS_DEPLOYMENT_TARGET = 15.2;
				MTL_ENABLE_DEBUG_INFO = NO;
				MTL_FAST_MATH = YES;
				SDKROOT = iphoneos;
				SWIFT_COMPILATION_MODE = wholemodule;
				SWIFT_OPTIMIZATION_LEVEL = "-O";
				VALIDATE_PRODUCT = YES;
			};
			name = Release;
		};
		3A6012C4281A0FD500F5101A /* Debug */ = {
			isa = XCBuildConfiguration;
			baseConfigurationReference = 6BAAE21D04D6B4559E7E72DA /* Pods-RxSwiftTestOne.debug.xcconfig */;
			buildSettings = {
				ASSETCATALOG_COMPILER_APPICON_NAME = AppIcon;
				ASSETCATALOG_COMPILER_GLOBAL_ACCENT_COLOR_NAME = AccentColor;
				CODE_SIGN_STYLE = Automatic;
				CURRENT_PROJECT_VERSION = 1;
				DEVELOPMENT_TEAM = HZ56TUJ59Y;
				GENERATE_INFOPLIST_FILE = YES;
				INFOPLIST_FILE = RxSwiftTestOne/Info.plist;
				INFOPLIST_KEY_UIApplicationSupportsIndirectInputEvents = YES;
				INFOPLIST_KEY_UILaunchStoryboardName = LaunchScreen;
				INFOPLIST_KEY_UIMainStoryboardFile = Main;
				INFOPLIST_KEY_UISupportedInterfaceOrientations_iPad = "UIInterfaceOrientationPortrait UIInterfaceOrientationPortraitUpsideDown UIInterfaceOrientationLandscapeLeft UIInterfaceOrientationLandscapeRight";
				INFOPLIST_KEY_UISupportedInterfaceOrientations_iPhone = "UIInterfaceOrientationPortrait UIInterfaceOrientationLandscapeLeft UIInterfaceOrientationLandscapeRight";
				LD_RUNPATH_SEARCH_PATHS = (
					"$(inherited)",
					"@executable_path/Frameworks",
				);
				MARKETING_VERSION = 1.0;
				PRODUCT_BUNDLE_IDENTIFIER = net.huray.mkleeboy3.RxSwiftTestOne;
				PRODUCT_NAME = "$(TARGET_NAME)";
				SWIFT_EMIT_LOC_STRINGS = YES;
				SWIFT_VERSION = 5.0;
				TARGETED_DEVICE_FAMILY = "1,2";
			};
			name = Debug;
		};
		3A6012C5281A0FD500F5101A /* Release */ = {
			isa = XCBuildConfiguration;
			baseConfigurationReference = ACE82F3960B3BB04A5426CB1 /* Pods-RxSwiftTestOne.release.xcconfig */;
			buildSettings = {
				ASSETCATALOG_COMPILER_APPICON_NAME = AppIcon;
				ASSETCATALOG_COMPILER_GLOBAL_ACCENT_COLOR_NAME = AccentColor;
				CODE_SIGN_STYLE = Automatic;
				CURRENT_PROJECT_VERSION = 1;
				DEVELOPMENT_TEAM = HZ56TUJ59Y;
				GENERATE_INFOPLIST_FILE = YES;
				INFOPLIST_FILE = RxSwiftTestOne/Info.plist;
				INFOPLIST_KEY_UIApplicationSupportsIndirectInputEvents = YES;
				INFOPLIST_KEY_UILaunchStoryboardName = LaunchScreen;
				INFOPLIST_KEY_UIMainStoryboardFile = Main;
				INFOPLIST_KEY_UISupportedInterfaceOrientations_iPad = "UIInterfaceOrientationPortrait UIInterfaceOrientationPortraitUpsideDown UIInterfaceOrientationLandscapeLeft UIInterfaceOrientationLandscapeRight";
				INFOPLIST_KEY_UISupportedInterfaceOrientations_iPhone = "UIInterfaceOrientationPortrait UIInterfaceOrientationLandscapeLeft UIInterfaceOrientationLandscapeRight";
				LD_RUNPATH_SEARCH_PATHS = (
					"$(inherited)",
					"@executable_path/Frameworks",
				);
				MARKETING_VERSION = 1.0;
				PRODUCT_BUNDLE_IDENTIFIER = net.huray.mkleeboy3.RxSwiftTestOne;
				PRODUCT_NAME = "$(TARGET_NAME)";
				SWIFT_EMIT_LOC_STRINGS = YES;
				SWIFT_VERSION = 5.0;
				TARGETED_DEVICE_FAMILY = "1,2";
			};
			name = Release;
		};
/* End XCBuildConfiguration section */

/* Begin XCConfigurationList section */
		3A6012A7281A0FD400F5101A /* Build configuration list for PBXProject "RxSwiftTestOne" */ = {
			isa = XCConfigurationList;
			buildConfigurations = (
				3A6012C1281A0FD500F5101A /* Debug */,
				3A6012C2281A0FD500F5101A /* Release */,
			);
			defaultConfigurationIsVisible = 0;
			defaultConfigurationName = Release;
		};
		3A6012C3281A0FD500F5101A /* Build configuration list for PBXNativeTarget "RxSwiftTestOne" */ = {
			isa = XCConfigurationList;
			buildConfigurations = (
				3A6012C4281A0FD500F5101A /* Debug */,
				3A6012C5281A0FD500F5101A /* Release */,
			);
			defaultConfigurationIsVisible = 0;
			defaultConfigurationName = Release;
		};
/* End XCConfigurationList section */

/* Begin XCVersionGroup section */
		3A6012B8281A0FD400F5101A /* RxSwiftTestOne.xcdatamodeld */ = {
			isa = XCVersionGroup;
			children = (
				3A6012B9281A0FD400F5101A /* RxSwiftTestOne.xcdatamodel */,
			);
			currentVersion = 3A6012B9281A0FD400F5101A /* RxSwiftTestOne.xcdatamodel */;
			path = RxSwiftTestOne.xcdatamodeld;
			sourceTree = "<group>";
			versionGroupType = wrapper.xcdatamodel;
		};
/* End XCVersionGroup section */
	};
	rootObject = 3A6012A4281A0FD400F5101A /* Project object */;
}
